Microsoft Visual Studio Solution File, Format Version 12.00
# Visual Studio Version 16
VisualStudioVersion = 16.0.32126.315
MinimumVisualStudioVersion = 10.0.40219.1
Project("{9A19103F-16F7-4668-BE54-9A1E7A4F7556}") = "ProductApi", "ProductApi\ProductApi.csproj", "{1AB07F84-B486-4705-9F0B-425D2EE530E8}"
EndProject
Project("{9A19103F-16F7-4668-BE54-9A1E7A4F7556}") = "OrderApi", "OrderApi\OrderApi.csproj", "{559DB926-84A6-4388-A849-138C85B00412}"
EndProject
Project("{FAE04EC0-301F-11D3-BF4B-00C04F79EFBC}") = "CustomerApi", "CustomerApi\CustomerApi.csproj", "{DA4BB708-C9DD-4542-A018-B4F358050CB6}"
EndProject
Global
	GlobalSection(SolutionConfigurationPlatforms) = preSolution
		Debug|Any CPU = Debug|Any CPU
		Release|Any CPU = Release|Any CPU
	EndGlobalSection
	GlobalSection(ProjectConfigurationPlatforms) = postSolution
		{1AB07F84-B486-4705-9F0B-425D2EE530E8}.Debug|Any CPU.ActiveCfg = Debug|Any CPU
		{1AB07F84-B486-4705-9F0B-425D2EE530E8}.Debug|Any CPU.Build.0 = Debug|Any CPU
		{1AB07F84-B486-4705-9F0B-425D2EE530E8}.Release|Any CPU.ActiveCfg = Release|Any CPU
		{1AB07F84-B486-4705-9F0B-425D2EE530E8}.Release|Any CPU.Build.0 = Release|Any CPU
		{559DB926-84A6-4388-A849-138C85B00412}.Debug|Any CPU.ActiveCfg = Debug|Any CPU
		{559DB926-84A6-4388-A849-138C85B00412}.Debug|Any CPU.Build.0 = Debug|Any CPU
		{559DB926-84A6-4388-A849-138C85B00412}.Release|Any CPU.ActiveCfg = Release|Any CPU
		{559DB926-84A6-4388-A849-138C85B00412}.Release|Any CPU.Build.0 = Release|Any CPU
		{DA4BB708-C9DD-4542-A018-B4F358050CB6}.Debug|Any CPU.ActiveCfg = Debug|Any CPU
		{DA4BB708-C9DD-4542-A018-B4F358050CB6}.Debug|Any CPU.Build.0 = Debug|Any CPU
		{DA4BB708-C9DD-4542-A018-B4F358050CB6}.Release|Any CPU.ActiveCfg = Release|Any CPU
		{DA4BB708-C9DD-4542-A018-B4F358050CB6}.Release|Any CPU.Build.0 = Release|Any CPU
	EndGlobalSection
	GlobalSection(SolutionProperties) = preSolution
		HideSolutionNode = FALSE
	EndGlobalSection
	GlobalSection(ExtensibilityGlobals) = postSolution
		SolutionGuid = {ADD08AB3-7D0D-47BE-91C4-8392B00FD300}
	EndGlobalSection
EndGlobal
